// !$*UTF8*$!
{
	archiveVersion = 1;
	classes = {
	};
	objectVersion = 46;
	objects = {

/* Begin PBXBuildFile section */
		221A42061B8E9002003A5030 /* main.swift in Sources */ = {isa = PBXBuildFile; fileRef = 221A42051B8E9002003A5030 /* main.swift */; };
/* End PBXBuildFile section */

/* Begin PBXCopyFilesBuildPhase section */
		0208AE3C1B8BF3970052EDE1 /* CopyFiles */ = {
			isa = PBXCopyFilesBuildPhase;
			buildActionMask = 2147483647;
			dstPath = /usr/share/man/man1/;
			dstSubfolderSpec = 0;
			files = (
			);
			runOnlyForDeploymentPostprocessing = 1;
		};
/* End PBXCopyFilesBuildPhase section */

/* Begin PBXFileReference section */
		0208AE3E1B8BF3970052EDE1 /* seleste1 */ = {isa = PBXFileReference; explicitFileType = "compiled.mach-o.executable"; includeInIndex = 0; path = seleste1; sourceTree = BUILT_PRODUCTS_DIR; };
		221A42051B8E9002003A5030 /* main.swift */ = {isa = PBXFileReference; fileEncoding = 4; lastKnownFileType = sourcecode.swift; name = main.swift; path = sbraddo1HW01/main.swift; sourceTree = SOURCE_ROOT; };
		222F84321B914B4B003BEBE8 /* MyPlayground.playground */ = {isa = PBXFileReference; lastKnownFileType = file.playground; path = MyPlayground.playground; sourceTree = "<group>"; };
/* End PBXFileReference section */

/* Begin PBXFrameworksBuildPhase section */
		0208AE3B1B8BF3970052EDE1 /* Frameworks */ = {
			isa = PBXFrameworksBuildPhase;
			buildActionMask = 2147483647;
			files = (
			);
			runOnlyForDeploymentPostprocessing = 0;
		};
/* End PBXFrameworksBuildPhase section */

/* Begin PBXGroup section */
		0208AE351B8BF3960052EDE1 = {
			isa = PBXGroup;
			children = (
				222F84321B914B4B003BEBE8 /* MyPlayground.playground */,
				0208AE401B8BF3970052EDE1 /* seleste1 */,
				0208AE3F1B8BF3970052EDE1 /* Products */,
			);
			sourceTree = "<group>";
		};
		0208AE3F1B8BF3970052EDE1 /* Products */ = {
			isa = PBXGroup;
			children = (
				0208AE3E1B8BF3970052EDE1 /* seleste1 */,
			);
			name = Products;
			sourceTree = "<group>";
		};
		0208AE401B8BF3970052EDE1 /* seleste1 */ = {
			isa = PBXGroup;
			children = (
				221A42051B8E9002003A5030 /* main.swift */,
			);
			path = seleste1;
			sourceTree = "<group>";
		};
/* End PBXGroup section */

/* Begin PBXNativeTarget section */
		0208AE3D1B8BF3970052EDE1 /* seleste1 */ = {
			isa = PBXNativeTarget;
			buildConfigurationList = 0208AE451B8BF3970052EDE1 /* Build configuration list for PBXNativeTarget "seleste1" */;
			buildPhases = (
				0208AE3A1B8BF3970052EDE1 /* Sources */,
				0208AE3B1B8BF3970052EDE1 /* Frameworks */,
				0208AE3C1B8BF3970052EDE1 /* CopyFiles */,
			);
			buildRules = (
			);
			dependencies = (
			);
			name = seleste1;
			productName = seleste1;
			productReference = 0208AE3E1B8BF3970052EDE1 /* seleste1 */;
			productType = "com.apple.product-type.tool";
		};
/* End PBXNativeTarget section */

/* Begin PBXProject section */
		0208AE361B8BF3970052EDE1 /* Project object */ = {
			isa = PBXProject;
			attributes = {
				LastUpgradeCheck = 0640;
				ORGANIZATIONNAME = "Jaycee Holmes";
				TargetAttributes = {
					0208AE3D1B8BF3970052EDE1 = {
						CreatedOnToolsVersion = 6.4;
					};
				};
			};
			buildConfigurationList = 0208AE391B8BF3970052EDE1 /* Build configuration list for PBXProject "sbraddo1HW01" */;
			compatibilityVersion = "Xcode 3.2";
			developmentRegion = English;
			hasScannedForEncodings = 0;
			knownRegions = (
				en,
			);
			mainGroup = 0208AE351B8BF3960052EDE1;
			productRefGroup = 0208AE3F1B8BF3970052EDE1 /* Products */;
			projectDirPath = "";
			projectRoot = "";
			targets = (
				0208AE3D1B8BF3970052EDE1 /* seleste1 */,
			);
		};
/* End PBXProject section */

/* Begin PBXSourcesBuildPhase section */
		0208AE3A1B8BF3970052EDE1 /* Sources */ = {
			isa = PBXSourcesBuildPhase;
			buildActionMask = 2147483647;
			files = (
				221A42061B8E9002003A5030 /* main.swift in Sources */,
			);
			runOnlyForDeploymentPostprocessing = 0;
		};
/* End PBXSourcesBuildPhase section */

/* Begin XCBuildConfiguration section */
		0208AE431B8BF3970052EDE1 /* Debug */ = {
			isa = XCBuildConfiguration;
			buildSettings = {
				ALWAYS_SEARCH_USER_PATHS = NO;
				CLANG_CXX_LANGUAGE_STANDARD = "gnu++0x";
				CLANG_CXX_LIBRARY = "libc++";
				CLANG_ENABLE_MODULES = YES;
				CLANG_ENABLE_OBJC_ARC = YES;
				CLANG_WARN_BOOL_CONVERSION = YES;
				CLANG_WARN_CONSTANT_CONVERSION = YES;
				CLANG_WARN_DIRECT_OBJC_ISA_USAGE = YES_ERROR;
				CLANG_WARN_EMPTY_BODY = YES;
				CLANG_WARN_ENUM_CONVERSION = YES;
				CLANG_WARN_INT_CONVERSION = YES;
				CLANG_WARN_OBJC_ROOT_CLASS = YES_ERROR;
				CLANG_WARN_UNREACHABLE_CODE = YES;
				CLANG_WARN__DUPLICATE_METHOD_MATCH = YES;
				COPY_PHASE_STRIP = NO;
				DEBUG_INFORMATION_FORMAT = dwarf;
				ENABLE_STRICT_OBJC_MSGSEND = YES;
				GCC_C_LANGUAGE_STANDARD = gnu99;
				GCC_DYNAMIC_NO_PIC = NO;
				GCC_NO_COMMON_BLOCKS = YES;
				GCC_OPTIMIZATION_LEVEL = 0;
				GCC_PREPROCESSOR_DEFINITIONS = (
					"DEBUG=1",
					"$(inherited)",
				);
				GCC_SYMBOLS_PRIVATE_EXTERN = NO;
				GCC_WARN_64_TO_32_BIT_CONVERSION = YES;
				GCC_WARN_ABOUT_RETURN_TYPE = YES_ERROR;
				GCC_WARN_UNDECLARED_SELECTOR = YES;
				GCC_WARN_UNINITIALIZED_AUTOS = YES_AGGRESSIVE;
				GCC_WARN_UNUSED_FUNCTION = YES;
				GCC_WARN_UNUSED_VARIABLE = YES;
				MACOSX_DEPLOYMENT_TARGET = 10.10;
				MTL_ENABLE_DEBUG_INFO = YES;
				ONLY_ACTIVE_ARCH = YES;
				SDKROOT = macosx;
				SWIFT_OPTIMIZATION_LEVEL = "-Onone";
			};
			name = Debug;
		};
		0208AE441B8BF3970052EDE1 /* Release */ = {
			isa = XCBuildConfiguration;
			buildSettings = {
				ALWAYS_SEARCH_USER_PATHS = NO;
				CLANG_CXX_LANGUAGE_STANDARD = "gnu++0x";
				CLANG_CXX_LIBRARY = "libc++";
				CLANG_ENABLE_MODULES = YES;
				CLANG_ENABLE_OBJC_ARC = YES;
				CLANG_WARN_BOOL_CONVERSION = YES;
				CLANG_WARN_CONSTANT_CONVERSION = YES;
				CLANG_WARN_DIRECT_OBJC_ISA_USAGE = YES_ERROR;
				CLANG_WARN_EMPTY_BODY = YES;
				CLANG_WARN_ENUM_CONVERSION = YES;
				CLANG_WARN_INT_CONVERSION = YES;
				CLANG_WARN_OBJC_ROOT_CLASS = YES_ERROR;
				CLANG_WARN_UNREACHABLE_CODE = YES;
				CLANG_WARN__DUPLICATE_METHOD_MATCH = YES;
				COPY_PHASE_STRIP = NO;
				DEBUG_INFORMATION_FORMAT = "dwarf-with-dsym";
				ENABLE_NS_ASSERTIONS = NO;
				ENABLE_STRICT_OBJC_MSGSEND = YES;
				GCC_C_LANGUAGE_STANDARD = gnu99;
				GCC_NO_COMMON_BLOCKS = YES;
				GCC_WARN_64_TO_32_BIT_CONVERSION = YES;
				GCC_WARN_ABOUT_RETURN_TYPE = YES_ERROR;
				GCC_WARN_UNDECLARED_SELECTOR = YES;
				GCC_WARN_UNINITIALIZED_AUTOS = YES_AGGRESSIVE;
				GCC_WARN_UNUSED_FUNCTION = YES;
				GCC_WARN_UNUSED_VARIABLE = YES;
				MACOSX_DEPLOYMENT_TARGET = 10.10;
				MTL_ENABLE_DEBUG_INFO = NO;
				SDKROOT = macosx;
			};
			name = Release;
		};
		0208AE461B8BF3970052EDE1 /* Debug */ = {
			isa = XCBuildConfiguration;
			buildSettings = {
				PRODUCT_NAME = "$(TARGET_NAME)";
			};
			name = Debug;
		};
		0208AE471B8BF3970052EDE1 /* Release */ = {
			isa = XCBuildConfiguration;
			buildSettings = {
				PRODUCT_NAME = "$(TARGET_NAME)";
			};
			name = Release;
		};
/* End XCBuildConfiguration section */

/* Begin XCConfigurationList section */
		0208AE391B8BF3970052EDE1 /* Build configuration list for PBXProject "sbraddo1HW01" */ = {
			isa = XCConfigurationList;
			buildConfigurations = (
				0208AE431B8BF3970052EDE1 /* Debug */,
				0208AE441B8BF3970052EDE1 /* Release */,
			);
			defaultConfigurationIsVisible = 0;
			defaultConfigurationName = Release;
		};
		0208AE451B8BF3970052EDE1 /* Build configuration list for PBXNativeTarget "seleste1" */ = {
			isa = XCConfigurationList;
			buildConfigurations = (
				0208AE461B8BF3970052EDE1 /* Debug */,
				0208AE471B8BF3970052EDE1 /* Release */,
			);
			defaultConfigurationIsVisible = 0;
			defaultConfigurationName = Release;
		};
/* End XCConfigurationList section */
	};
	rootObject = 0208AE361B8BF3970052EDE1 /* Project object */;
}
