// !$*UTF8*$!
{
	archiveVersion = 1;
	classes = {
	};
	objectVersion = 46;
	objects = {

/* Begin PBXBuildFile section */
		489FD45E1BFB760700BEB39C /* AppDelegate.swift in Sources */ = {isa = PBXBuildFile; fileRef = 489FD45D1BFB760700BEB39C /* AppDelegate.swift */; };
		489FD4601BFB760700BEB39C /* FirstViewController.swift in Sources */ = {isa = PBXBuildFile; fileRef = 489FD45F1BFB760700BEB39C /* FirstViewController.swift */; };
		489FD4621BFB760700BEB39C /* SecondViewController.swift in Sources */ = {isa = PBXBuildFile; fileRef = 489FD4611BFB760700BEB39C /* SecondViewController.swift */; };
		489FD4651BFB760700BEB39C /* Main.storyboard in Resources */ = {isa = PBXBuildFile; fileRef = 489FD4631BFB760700BEB39C /* Main.storyboard */; };
		489FD4671BFB760700BEB39C /* Assets.xcassets in Resources */ = {isa = PBXBuildFile; fileRef = 489FD4661BFB760700BEB39C /* Assets.xcassets */; };
		489FD46A1BFB760700BEB39C /* LaunchScreen.storyboard in Resources */ = {isa = PBXBuildFile; fileRef = 489FD4681BFB760700BEB39C /* LaunchScreen.storyboard */; };
		489FD4751BFB760800BEB39C /* sbraddo1HW18Tests.swift in Sources */ = {isa = PBXBuildFile; fileRef = 489FD4741BFB760800BEB39C /* sbraddo1HW18Tests.swift */; };
		489FD4801BFB760800BEB39C /* sbraddo1HW18UITests.swift in Sources */ = {isa = PBXBuildFile; fileRef = 489FD47F1BFB760800BEB39C /* sbraddo1HW18UITests.swift */; };
		489FD4901BFB761A00BEB39C /* CIS 470 – HW18 - Roman Numerals.pdf in Resources */ = {isa = PBXBuildFile; fileRef = 489FD48D1BFB761A00BEB39C /* CIS 470 – HW18 - Roman Numerals.pdf */; settings = {ASSET_TAGS = (); }; };
		489FD4911BFB761A00BEB39C /* RomanConverter.swift in Sources */ = {isa = PBXBuildFile; fileRef = 489FD48E1BFB761A00BEB39C /* RomanConverter.swift */; settings = {ASSET_TAGS = (); }; };
		489FD4961BFB773B00BEB39C /* ThirdViewController.swift in Sources */ = {isa = PBXBuildFile; fileRef = 489FD4951BFB773B00BEB39C /* ThirdViewController.swift */; settings = {ASSET_TAGS = (); }; };
		48C1A2921BFC1F7300710F24 /* greyButton@2xpng in Resources */ = {isa = PBXBuildFile; fileRef = 48C1A2751BFC1F7300710F24 /* greyButton@2xpng */; settings = {ASSET_TAGS = (); }; };
		48C1A2931BFC1F7300710F24 /* greyButtonHighlight@2x.png in Resources */ = {isa = PBXBuildFile; fileRef = 48C1A2761BFC1F7300710F24 /* greyButtonHighlight@2x.png */; settings = {ASSET_TAGS = (); }; };
		48C1A2941BFC1F7300710F24 /* whiteButton@2x.png in Resources */ = {isa = PBXBuildFile; fileRef = 48C1A2771BFC1F7300710F24 /* whiteButton@2x.png */; settings = {ASSET_TAGS = (); }; };
		48C1A2951BFC1F7300710F24 /* whiteButtonHighlight@2x.png in Resources */ = {isa = PBXBuildFile; fileRef = 48C1A2781BFC1F7300710F24 /* whiteButtonHighlight@2x.png */; settings = {ASSET_TAGS = (); }; };
		48C1A2961BFC1F7300710F24 /* blueButton@2x.png in Resources */ = {isa = PBXBuildFile; fileRef = 48C1A2791BFC1F7300710F24 /* blueButton@2x.png */; settings = {ASSET_TAGS = (); }; };
		48C1A2971BFC1F7300710F24 /* blueButton.png in Resources */ = {isa = PBXBuildFile; fileRef = 48C1A27A1BFC1F7300710F24 /* blueButton.png */; settings = {ASSET_TAGS = (); }; };
		48C1A2981BFC1F7300710F24 /* blueButtonHighlight@2x.png in Resources */ = {isa = PBXBuildFile; fileRef = 48C1A27B1BFC1F7300710F24 /* blueButtonHighlight@2x.png */; settings = {ASSET_TAGS = (); }; };
		48C1A2991BFC1F7300710F24 /* greenButton@2x.png in Resources */ = {isa = PBXBuildFile; fileRef = 48C1A27C1BFC1F7300710F24 /* greenButton@2x.png */; settings = {ASSET_TAGS = (); }; };
		48C1A29A1BFC1F7300710F24 /* greenButtonHighlight@2x.png in Resources */ = {isa = PBXBuildFile; fileRef = 48C1A27D1BFC1F7300710F24 /* greenButtonHighlight@2x.png */; settings = {ASSET_TAGS = (); }; };
		48C1A29B1BFC1F7300710F24 /* blackButton@2x.png in Resources */ = {isa = PBXBuildFile; fileRef = 48C1A27E1BFC1F7300710F24 /* blackButton@2x.png */; settings = {ASSET_TAGS = (); }; };
		48C1A29C1BFC1F7300710F24 /* blackButtonHighlight@2x.png in Resources */ = {isa = PBXBuildFile; fileRef = 48C1A27F1BFC1F7300710F24 /* blackButtonHighlight@2x.png */; settings = {ASSET_TAGS = (); }; };
		48C1A29D1BFC1F7300710F24 /* tanButtonHighlight@2x.png in Resources */ = {isa = PBXBuildFile; fileRef = 48C1A2801BFC1F7300710F24 /* tanButtonHighlight@2x.png */; settings = {ASSET_TAGS = (); }; };
		48C1A29E1BFC1F7300710F24 /* tanButton@2x.png in Resources */ = {isa = PBXBuildFile; fileRef = 48C1A2811BFC1F7300710F24 /* tanButton@2x.png */; settings = {ASSET_TAGS = (); }; };
		48C1A29F1BFC1F7300710F24 /* tanButton.png in Resources */ = {isa = PBXBuildFile; fileRef = 48C1A2821BFC1F7300710F24 /* tanButton.png */; settings = {ASSET_TAGS = (); }; };
		48C1A2A01BFC1F7300710F24 /* tanButtonHighlight.png in Resources */ = {isa = PBXBuildFile; fileRef = 48C1A2831BFC1F7300710F24 /* tanButtonHighlight.png */; settings = {ASSET_TAGS = (); }; };
		48C1A2A11BFC1F7300710F24 /* blackButtonHighlight.png in Resources */ = {isa = PBXBuildFile; fileRef = 48C1A2841BFC1F7300710F24 /* blackButtonHighlight.png */; settings = {ASSET_TAGS = (); }; };
		48C1A2A21BFC1F7300710F24 /* blackButton.png in Resources */ = {isa = PBXBuildFile; fileRef = 48C1A2851BFC1F7300710F24 /* blackButton.png */; settings = {ASSET_TAGS = (); }; };
		48C1A2A31BFC1F7300710F24 /* greenButtonHighlight.png in Resources */ = {isa = PBXBuildFile; fileRef = 48C1A2861BFC1F7300710F24 /* greenButtonHighlight.png */; settings = {ASSET_TAGS = (); }; };
		48C1A2A41BFC1F7300710F24 /* greenButton.png in Resources */ = {isa = PBXBuildFile; fileRef = 48C1A2871BFC1F7300710F24 /* greenButton.png */; settings = {ASSET_TAGS = (); }; };
		48C1A2A51BFC1F7300710F24 /* blueButtonHighlight.png in Resources */ = {isa = PBXBuildFile; fileRef = 48C1A2881BFC1F7300710F24 /* blueButtonHighlight.png */; settings = {ASSET_TAGS = (); }; };
		48C1A2A61BFC1F7300710F24 /* whiteButtonHighlight.png in Resources */ = {isa = PBXBuildFile; fileRef = 48C1A2891BFC1F7300710F24 /* whiteButtonHighlight.png */; settings = {ASSET_TAGS = (); }; };
		48C1A2A71BFC1F7300710F24 /* whiteButton.png in Resources */ = {isa = PBXBuildFile; fileRef = 48C1A28A1BFC1F7300710F24 /* whiteButton.png */; settings = {ASSET_TAGS = (); }; };
		48C1A2A81BFC1F7300710F24 /* orangeButton@2x.png in Resources */ = {isa = PBXBuildFile; fileRef = 48C1A28B1BFC1F7300710F24 /* orangeButton@2x.png */; settings = {ASSET_TAGS = (); }; };
		48C1A2A91BFC1F7300710F24 /* orangeButtonHighlight@2x.png in Resources */ = {isa = PBXBuildFile; fileRef = 48C1A28C1BFC1F7300710F24 /* orangeButtonHighlight@2x.png */; settings = {ASSET_TAGS = (); }; };
		48C1A2AA1BFC1F7300710F24 /* greyButton@2x.png in Resources */ = {isa = PBXBuildFile; fileRef = 48C1A28D1BFC1F7300710F24 /* greyButton@2x.png */; settings = {ASSET_TAGS = (); }; };
		48C1A2AB1BFC1F7300710F24 /* greyButtonHighlight.png in Resources */ = {isa = PBXBuildFile; fileRef = 48C1A28E1BFC1F7300710F24 /* greyButtonHighlight.png */; settings = {ASSET_TAGS = (); }; };
		48C1A2AC1BFC1F7300710F24 /* greyButton.png in Resources */ = {isa = PBXBuildFile; fileRef = 48C1A28F1BFC1F7300710F24 /* greyButton.png */; settings = {ASSET_TAGS = (); }; };
		48C1A2AD1BFC1F7300710F24 /* orangeButtonHighlight.png in Resources */ = {isa = PBXBuildFile; fileRef = 48C1A2901BFC1F7300710F24 /* orangeButtonHighlight.png */; settings = {ASSET_TAGS = (); }; };
		48C1A2AE1BFC1F7300710F24 /* orangeButton.png in Resources */ = {isa = PBXBuildFile; fileRef = 48C1A2911BFC1F7300710F24 /* orangeButton.png */; settings = {ASSET_TAGS = (); }; };
		48C1A2B11BFC343900710F24 /* 6796366-gold-glitter-wallpaper.jpg in Resources */ = {isa = PBXBuildFile; fileRef = 48C1A2AF1BFC343900710F24 /* 6796366-gold-glitter-wallpaper.jpg */; settings = {ASSET_TAGS = (); }; };
		48C1A2B21BFC343900710F24 /* stone_ii_by_mindsabotage-d53rx9w.png in Resources */ = {isa = PBXBuildFile; fileRef = 48C1A2B01BFC343900710F24 /* stone_ii_by_mindsabotage-d53rx9w.png */; settings = {ASSET_TAGS = (); }; };
		48C1A2B41BFC38D800710F24 /* ddddddown.png in Resources */ = {isa = PBXBuildFile; fileRef = 48C1A2B31BFC38D800710F24 /* ddddddown.png */; settings = {ASSET_TAGS = (); }; };
		48C1A2B61BFC38F500710F24 /* uuuuuup.png in Resources */ = {isa = PBXBuildFile; fileRef = 48C1A2B51BFC38F500710F24 /* uuuuuup.png */; settings = {ASSET_TAGS = (); }; };
/* End PBXBuildFile section */

/* Begin PBXContainerItemProxy section */
		489FD4711BFB760800BEB39C /* PBXContainerItemProxy */ = {
			isa = PBXContainerItemProxy;
			containerPortal = 489FD4521BFB760700BEB39C /* Project object */;
			proxyType = 1;
			remoteGlobalIDString = 489FD4591BFB760700BEB39C;
			remoteInfo = sbraddo1HW18;
		};
		489FD47C1BFB760800BEB39C /* PBXContainerItemProxy */ = {
			isa = PBXContainerItemProxy;
			containerPortal = 489FD4521BFB760700BEB39C /* Project object */;
			proxyType = 1;
			remoteGlobalIDString = 489FD4591BFB760700BEB39C;
			remoteInfo = sbraddo1HW18;
		};
/* End PBXContainerItemProxy section */

/* Begin PBXFileReference section */
		489FD45A1BFB760700BEB39C /* sbraddo1HW18.app */ = {isa = PBXFileReference; explicitFileType = wrapper.application; includeInIndex = 0; path = sbraddo1HW18.app; sourceTree = BUILT_PRODUCTS_DIR; };
		489FD45D1BFB760700BEB39C /* AppDelegate.swift */ = {isa = PBXFileReference; lastKnownFileType = sourcecode.swift; path = AppDelegate.swift; sourceTree = "<group>"; };
		489FD45F1BFB760700BEB39C /* FirstViewController.swift */ = {isa = PBXFileReference; lastKnownFileType = sourcecode.swift; path = FirstViewController.swift; sourceTree = "<group>"; };
		489FD4611BFB760700BEB39C /* SecondViewController.swift */ = {isa = PBXFileReference; lastKnownFileType = sourcecode.swift; path = SecondViewController.swift; sourceTree = "<group>"; };
		489FD4641BFB760700BEB39C /* Base */ = {isa = PBXFileReference; lastKnownFileType = file.storyboard; name = Base; path = Base.lproj/Main.storyboard; sourceTree = "<group>"; };
		489FD4661BFB760700BEB39C /* Assets.xcassets */ = {isa = PBXFileReference; lastKnownFileType = folder.assetcatalog; path = Assets.xcassets; sourceTree = "<group>"; };
		489FD4691BFB760700BEB39C /* Base */ = {isa = PBXFileReference; lastKnownFileType = file.storyboard; name = Base; path = Base.lproj/LaunchScreen.storyboard; sourceTree = "<group>"; };
		489FD46B1BFB760700BEB39C /* Info.plist */ = {isa = PBXFileReference; lastKnownFileType = text.plist.xml; path = Info.plist; sourceTree = "<group>"; };
		489FD4701BFB760700BEB39C /* sbraddo1HW18Tests.xctest */ = {isa = PBXFileReference; explicitFileType = wrapper.cfbundle; includeInIndex = 0; path = sbraddo1HW18Tests.xctest; sourceTree = BUILT_PRODUCTS_DIR; };
		489FD4741BFB760800BEB39C /* sbraddo1HW18Tests.swift */ = {isa = PBXFileReference; lastKnownFileType = sourcecode.swift; path = sbraddo1HW18Tests.swift; sourceTree = "<group>"; };
		489FD4761BFB760800BEB39C /* Info.plist */ = {isa = PBXFileReference; lastKnownFileType = text.plist.xml; path = Info.plist; sourceTree = "<group>"; };
		489FD47B1BFB760800BEB39C /* sbraddo1HW18UITests.xctest */ = {isa = PBXFileReference; explicitFileType = wrapper.cfbundle; includeInIndex = 0; path = sbraddo1HW18UITests.xctest; sourceTree = BUILT_PRODUCTS_DIR; };
		489FD47F1BFB760800BEB39C /* sbraddo1HW18UITests.swift */ = {isa = PBXFileReference; lastKnownFileType = sourcecode.swift; path = sbraddo1HW18UITests.swift; sourceTree = "<group>"; };
		489FD4811BFB760800BEB39C /* Info.plist */ = {isa = PBXFileReference; lastKnownFileType = text.plist.xml; path = Info.plist; sourceTree = "<group>"; };
		489FD48D1BFB761A00BEB39C /* CIS 470 – HW18 - Roman Numerals.pdf */ = {isa = PBXFileReference; lastKnownFileType = image.pdf; name = "CIS 470 – HW18 - Roman Numerals.pdf"; path = "sbraddo1HW18/CIS 470 – HW18 - Roman Numerals.pdf"; sourceTree = "<group>"; };
		489FD48E1BFB761A00BEB39C /* RomanConverter.swift */ = {isa = PBXFileReference; fileEncoding = 4; lastKnownFileType = sourcecode.swift; path = RomanConverter.swift; sourceTree = "<group>"; };
		489FD4951BFB773B00BEB39C /* ThirdViewController.swift */ = {isa = PBXFileReference; fileEncoding = 4; lastKnownFileType = sourcecode.swift; path = ThirdViewController.swift; sourceTree = "<group>"; };
		48C1A2751BFC1F7300710F24 /* greyButton@2xpng */ = {isa = PBXFileReference; lastKnownFileType = file; path = "greyButton@2xpng"; sourceTree = "<group>"; };
		48C1A2761BFC1F7300710F24 /* greyButtonHighlight@2x.png */ = {isa = PBXFileReference; lastKnownFileType = image.png; path = "greyButtonHighlight@2x.png"; sourceTree = "<group>"; };
		48C1A2771BFC1F7300710F24 /* whiteButton@2x.png */ = {isa = PBXFileReference; lastKnownFileType = image.png; path = "whiteButton@2x.png"; sourceTree = "<group>"; };
		48C1A2781BFC1F7300710F24 /* whiteButtonHighlight@2x.png */ = {isa = PBXFileReference; lastKnownFileType = image.png; path = "whiteButtonHighlight@2x.png"; sourceTree = "<group>"; };
		48C1A2791BFC1F7300710F24 /* blueButton@2x.png */ = {isa = PBXFileReference; lastKnownFileType = image.png; path = "blueButton@2x.png"; sourceTree = "<group>"; };
		48C1A27A1BFC1F7300710F24 /* blueButton.png */ = {isa = PBXFileReference; lastKnownFileType = image.png; path = blueButton.png; sourceTree = "<group>"; };
		48C1A27B1BFC1F7300710F24 /* blueButtonHighlight@2x.png */ = {isa = PBXFileReference; lastKnownFileType = image.png; path = "blueButtonHighlight@2x.png"; sourceTree = "<group>"; };
		48C1A27C1BFC1F7300710F24 /* greenButton@2x.png */ = {isa = PBXFileReference; lastKnownFileType = image.png; path = "greenButton@2x.png"; sourceTree = "<group>"; };
		48C1A27D1BFC1F7300710F24 /* greenButtonHighlight@2x.png */ = {isa = PBXFileReference; lastKnownFileType = image.png; path = "greenButtonHighlight@2x.png"; sourceTree = "<group>"; };
		48C1A27E1BFC1F7300710F24 /* blackButton@2x.png */ = {isa = PBXFileReference; lastKnownFileType = image.png; path = "blackButton@2x.png"; sourceTree = "<group>"; };
		48C1A27F1BFC1F7300710F24 /* blackButtonHighlight@2x.png */ = {isa = PBXFileReference; lastKnownFileType = image.png; path = "blackButtonHighlight@2x.png"; sourceTree = "<group>"; };
		48C1A2801BFC1F7300710F24 /* tanButtonHighlight@2x.png */ = {isa = PBXFileReference; lastKnownFileType = image.png; path = "tanButtonHighlight@2x.png"; sourceTree = "<group>"; };
		48C1A2811BFC1F7300710F24 /* tanButton@2x.png */ = {isa = PBXFileReference; lastKnownFileType = image.png; path = "tanButton@2x.png"; sourceTree = "<group>"; };
		48C1A2821BFC1F7300710F24 /* tanButton.png */ = {isa = PBXFileReference; lastKnownFileType = image.png; path = tanButton.png; sourceTree = "<group>"; };
		48C1A2831BFC1F7300710F24 /* tanButtonHighlight.png */ = {isa = PBXFileReference; lastKnownFileType = image.png; path = tanButtonHighlight.png; sourceTree = "<group>"; };
		48C1A2841BFC1F7300710F24 /* blackButtonHighlight.png */ = {isa = PBXFileReference; lastKnownFileType = image.png; path = blackButtonHighlight.png; sourceTree = "<group>"; };
		48C1A2851BFC1F7300710F24 /* blackButton.png */ = {isa = PBXFileReference; lastKnownFileType = image.png; path = blackButton.png; sourceTree = "<group>"; };
		48C1A2861BFC1F7300710F24 /* greenButtonHighlight.png */ = {isa = PBXFileReference; lastKnownFileType = image.png; path = greenButtonHighlight.png; sourceTree = "<group>"; };
		48C1A2871BFC1F7300710F24 /* greenButton.png */ = {isa = PBXFileReference; lastKnownFileType = image.png; path = greenButton.png; sourceTree = "<group>"; };
		48C1A2881BFC1F7300710F24 /* blueButtonHighlight.png */ = {isa = PBXFileReference; lastKnownFileType = image.png; path = blueButtonHighlight.png; sourceTree = "<group>"; };
		48C1A2891BFC1F7300710F24 /* whiteButtonHighlight.png */ = {isa = PBXFileReference; lastKnownFileType = image.png; path = whiteButtonHighlight.png; sourceTree = "<group>"; };
		48C1A28A1BFC1F7300710F24 /* whiteButton.png */ = {isa = PBXFileReference; lastKnownFileType = image.png; path = whiteButton.png; sourceTree = "<group>"; };
		48C1A28B1BFC1F7300710F24 /* orangeButton@2x.png */ = {isa = PBXFileReference; lastKnownFileType = image.png; path = "orangeButton@2x.png"; sourceTree = "<group>"; };
		48C1A28C1BFC1F7300710F24 /* orangeButtonHighlight@2x.png */ = {isa = PBXFileReference; lastKnownFileType = image.png; path = "orangeButtonHighlight@2x.png"; sourceTree = "<group>"; };
		48C1A28D1BFC1F7300710F24 /* greyButton@2x.png */ = {isa = PBXFileReference; lastKnownFileType = image.png; path = "greyButton@2x.png"; sourceTree = "<group>"; };
		48C1A28E1BFC1F7300710F24 /* greyButtonHighlight.png */ = {isa = PBXFileReference; lastKnownFileType = image.png; path = greyButtonHighlight.png; sourceTree = "<group>"; };
		48C1A28F1BFC1F7300710F24 /* greyButton.png */ = {isa = PBXFileReference; lastKnownFileType = image.png; path = greyButton.png; sourceTree = "<group>"; };
		48C1A2901BFC1F7300710F24 /* orangeButtonHighlight.png */ = {isa = PBXFileReference; lastKnownFileType = image.png; path = orangeButtonHighlight.png; sourceTree = "<group>"; };
		48C1A2911BFC1F7300710F24 /* orangeButton.png */ = {isa = PBXFileReference; lastKnownFileType = image.png; path = orangeButton.png; sourceTree = "<group>"; };
		48C1A2AF1BFC343900710F24 /* 6796366-gold-glitter-wallpaper.jpg */ = {isa = PBXFileReference; lastKnownFileType = image.jpeg; path = "6796366-gold-glitter-wallpaper.jpg"; sourceTree = "<group>"; };
		48C1A2B01BFC343900710F24 /* stone_ii_by_mindsabotage-d53rx9w.png */ = {isa = PBXFileReference; lastKnownFileType = image.png; path = "stone_ii_by_mindsabotage-d53rx9w.png"; sourceTree = "<group>"; };
		48C1A2B31BFC38D800710F24 /* ddddddown.png */ = {isa = PBXFileReference; lastKnownFileType = image.png; path = ddddddown.png; sourceTree = "<group>"; };
		48C1A2B51BFC38F500710F24 /* uuuuuup.png */ = {isa = PBXFileReference; lastKnownFileType = image.png; path = uuuuuup.png; sourceTree = "<group>"; };
/* End PBXFileReference section */

/* Begin PBXFrameworksBuildPhase section */
		489FD4571BFB760700BEB39C /* Frameworks */ = {
			isa = PBXFrameworksBuildPhase;
			buildActionMask = 2147483647;
			files = (
			);
			runOnlyForDeploymentPostprocessing = 0;
		};
		489FD46D1BFB760700BEB39C /* Frameworks */ = {
			isa = PBXFrameworksBuildPhase;
			buildActionMask = 2147483647;
			files = (
			);
			runOnlyForDeploymentPostprocessing = 0;
		};
		489FD4781BFB760800BEB39C /* Frameworks */ = {
			isa = PBXFrameworksBuildPhase;
			buildActionMask = 2147483647;
			files = (
			);
			runOnlyForDeploymentPostprocessing = 0;
		};
/* End PBXFrameworksBuildPhase section */

/* Begin PBXGroup section */
		489FD4511BFB760700BEB39C = {
			isa = PBXGroup;
			children = (
				489FD45C1BFB760700BEB39C /* sbraddo1HW18 */,
				489FD4731BFB760800BEB39C /* sbraddo1HW18Tests */,
				489FD47E1BFB760800BEB39C /* sbraddo1HW18UITests */,
				489FD45B1BFB760700BEB39C /* Products */,
				489FD48D1BFB761A00BEB39C /* CIS 470 – HW18 - Roman Numerals.pdf */,
			);
			sourceTree = "<group>";
		};
		489FD45B1BFB760700BEB39C /* Products */ = {
			isa = PBXGroup;
			children = (
				489FD45A1BFB760700BEB39C /* sbraddo1HW18.app */,
				489FD4701BFB760700BEB39C /* sbraddo1HW18Tests.xctest */,
				489FD47B1BFB760800BEB39C /* sbraddo1HW18UITests.xctest */,
			);
			name = Products;
			sourceTree = "<group>";
		};
		489FD45C1BFB760700BEB39C /* sbraddo1HW18 */ = {
			isa = PBXGroup;
			children = (
				489FD45D1BFB760700BEB39C /* AppDelegate.swift */,
				48C1A2751BFC1F7300710F24 /* greyButton@2xpng */,
				48C1A2761BFC1F7300710F24 /* greyButtonHighlight@2x.png */,
				48C1A2771BFC1F7300710F24 /* whiteButton@2x.png */,
				48C1A2781BFC1F7300710F24 /* whiteButtonHighlight@2x.png */,
				48C1A2791BFC1F7300710F24 /* blueButton@2x.png */,
				48C1A27A1BFC1F7300710F24 /* blueButton.png */,
				48C1A27B1BFC1F7300710F24 /* blueButtonHighlight@2x.png */,
				48C1A27C1BFC1F7300710F24 /* greenButton@2x.png */,
				48C1A27D1BFC1F7300710F24 /* greenButtonHighlight@2x.png */,
				48C1A27E1BFC1F7300710F24 /* blackButton@2x.png */,
				48C1A27F1BFC1F7300710F24 /* blackButtonHighlight@2x.png */,
				48C1A2B31BFC38D800710F24 /* ddddddown.png */,
				48C1A2801BFC1F7300710F24 /* tanButtonHighlight@2x.png */,
				48C1A2811BFC1F7300710F24 /* tanButton@2x.png */,
				48C1A2821BFC1F7300710F24 /* tanButton.png */,
				48C1A2831BFC1F7300710F24 /* tanButtonHighlight.png */,
				48C1A2841BFC1F7300710F24 /* blackButtonHighlight.png */,
				48C1A2851BFC1F7300710F24 /* blackButton.png */,
				48C1A2B51BFC38F500710F24 /* uuuuuup.png */,
				48C1A2861BFC1F7300710F24 /* greenButtonHighlight.png */,
				48C1A2871BFC1F7300710F24 /* greenButton.png */,
				48C1A2881BFC1F7300710F24 /* blueButtonHighlight.png */,
				48C1A2891BFC1F7300710F24 /* whiteButtonHighlight.png */,
				48C1A28A1BFC1F7300710F24 /* whiteButton.png */,
				48C1A28B1BFC1F7300710F24 /* orangeButton@2x.png */,
				48C1A28C1BFC1F7300710F24 /* orangeButtonHighlight@2x.png */,
				48C1A28D1BFC1F7300710F24 /* greyButton@2x.png */,
				48C1A28E1BFC1F7300710F24 /* greyButtonHighlight.png */,
				48C1A28F1BFC1F7300710F24 /* greyButton.png */,
				48C1A2901BFC1F7300710F24 /* orangeButtonHighlight.png */,
				48C1A2911BFC1F7300710F24 /* orangeButton.png */,
				489FD48E1BFB761A00BEB39C /* RomanConverter.swift */,
				489FD45F1BFB760700BEB39C /* FirstViewController.swift */,
				489FD4611BFB760700BEB39C /* SecondViewController.swift */,
				489FD4951BFB773B00BEB39C /* ThirdViewController.swift */,
				489FD4631BFB760700BEB39C /* Main.storyboard */,
				48C1A2AF1BFC343900710F24 /* 6796366-gold-glitter-wallpaper.jpg */,
				48C1A2B01BFC343900710F24 /* stone_ii_by_mindsabotage-d53rx9w.png */,
				489FD4661BFB760700BEB39C /* Assets.xcassets */,
				489FD4681BFB760700BEB39C /* LaunchScreen.storyboard */,
				489FD46B1BFB760700BEB39C /* Info.plist */,
			);
			path = sbraddo1HW18;
			sourceTree = "<group>";
		};
		489FD4731BFB760800BEB39C /* sbraddo1HW18Tests */ = {
			isa = PBXGroup;
			children = (
				489FD4741BFB760800BEB39C /* sbraddo1HW18Tests.swift */,
				489FD4761BFB760800BEB39C /* Info.plist */,
			);
			path = sbraddo1HW18Tests;
			sourceTree = "<group>";
		};
		489FD47E1BFB760800BEB39C /* sbraddo1HW18UITests */ = {
			isa = PBXGroup;
			children = (
				489FD47F1BFB760800BEB39C /* sbraddo1HW18UITests.swift */,
				489FD4811BFB760800BEB39C /* Info.plist */,
			);
			path = sbraddo1HW18UITests;
			sourceTree = "<group>";
		};
/* End PBXGroup section */

/* Begin PBXNativeTarget section */
		489FD4591BFB760700BEB39C /* sbraddo1HW18 */ = {
			isa = PBXNativeTarget;
			buildConfigurationList = 489FD4841BFB760800BEB39C /* Build configuration list for PBXNativeTarget "sbraddo1HW18" */;
			buildPhases = (
				489FD4561BFB760700BEB39C /* Sources */,
				489FD4571BFB760700BEB39C /* Frameworks */,
				489FD4581BFB760700BEB39C /* Resources */,
			);
			buildRules = (
			);
			dependencies = (
			);
			name = sbraddo1HW18;
			productName = sbraddo1HW18;
			productReference = 489FD45A1BFB760700BEB39C /* sbraddo1HW18.app */;
			productType = "com.apple.product-type.application";
		};
		489FD46F1BFB760700BEB39C /* sbraddo1HW18Tests */ = {
			isa = PBXNativeTarget;
			buildConfigurationList = 489FD4871BFB760800BEB39C /* Build configuration list for PBXNativeTarget "sbraddo1HW18Tests" */;
			buildPhases = (
				489FD46C1BFB760700BEB39C /* Sources */,
				489FD46D1BFB760700BEB39C /* Frameworks */,
				489FD46E1BFB760700BEB39C /* Resources */,
			);
			buildRules = (
			);
			dependencies = (
				489FD4721BFB760800BEB39C /* PBXTargetDependency */,
			);
			name = sbraddo1HW18Tests;
			productName = sbraddo1HW18Tests;
			productReference = 489FD4701BFB760700BEB39C /* sbraddo1HW18Tests.xctest */;
			productType = "com.apple.product-type.bundle.unit-test";
		};
		489FD47A1BFB760800BEB39C /* sbraddo1HW18UITests */ = {
			isa = PBXNativeTarget;
			buildConfigurationList = 489FD48A1BFB760800BEB39C /* Build configuration list for PBXNativeTarget "sbraddo1HW18UITests" */;
			buildPhases = (
				489FD4771BFB760800BEB39C /* Sources */,
				489FD4781BFB760800BEB39C /* Frameworks */,
				489FD4791BFB760800BEB39C /* Resources */,
			);
			buildRules = (
			);
			dependencies = (
				489FD47D1BFB760800BEB39C /* PBXTargetDependency */,
			);
			name = sbraddo1HW18UITests;
			productName = sbraddo1HW18UITests;
			productReference = 489FD47B1BFB760800BEB39C /* sbraddo1HW18UITests.xctest */;
			productType = "com.apple.product-type.bundle.ui-testing";
		};
/* End PBXNativeTarget section */

/* Begin PBXProject section */
		489FD4521BFB760700BEB39C /* Project object */ = {
			isa = PBXProject;
			attributes = {
				LastUpgradeCheck = 0700;
				ORGANIZATIONNAME = "Seleste Braddock";
				TargetAttributes = {
					489FD4591BFB760700BEB39C = {
						CreatedOnToolsVersion = 7.0;
						DevelopmentTeam = EPN3HP33AJ;
					};
					489FD46F1BFB760700BEB39C = {
						CreatedOnToolsVersion = 7.0;
						DevelopmentTeam = EPN3HP33AJ;
						TestTargetID = 489FD4591BFB760700BEB39C;
					};
					489FD47A1BFB760800BEB39C = {
						CreatedOnToolsVersion = 7.0;
						DevelopmentTeam = EPN3HP33AJ;
						TestTargetID = 489FD4591BFB760700BEB39C;
					};
				};
			};
			buildConfigurationList = 489FD4551BFB760700BEB39C /* Build configuration list for PBXProject "sbraddo1HW18" */;
			compatibilityVersion = "Xcode 3.2";
			developmentRegion = English;
			hasScannedForEncodings = 0;
			knownRegions = (
				en,
				Base,
			);
			mainGroup = 489FD4511BFB760700BEB39C;
			productRefGroup = 489FD45B1BFB760700BEB39C /* Products */;
			projectDirPath = "";
			projectRoot = "";
			targets = (
				489FD4591BFB760700BEB39C /* sbraddo1HW18 */,
				489FD46F1BFB760700BEB39C /* sbraddo1HW18Tests */,
				489FD47A1BFB760800BEB39C /* sbraddo1HW18UITests */,
			);
		};
/* End PBXProject section */

/* Begin PBXResourcesBuildPhase section */
		489FD4581BFB760700BEB39C /* Resources */ = {
			isa = PBXResourcesBuildPhase;
			buildActionMask = 2147483647;
			files = (
				48C1A2931BFC1F7300710F24 /* greyButtonHighlight@2x.png in Resources */,
				489FD46A1BFB760700BEB39C /* LaunchScreen.storyboard in Resources */,
				48C1A2A31BFC1F7300710F24 /* greenButtonHighlight.png in Resources */,
				48C1A2A81BFC1F7300710F24 /* orangeButton@2x.png in Resources */,
				48C1A2B41BFC38D800710F24 /* ddddddown.png in Resources */,
				48C1A2A61BFC1F7300710F24 /* whiteButtonHighlight.png in Resources */,
				48C1A29C1BFC1F7300710F24 /* blackButtonHighlight@2x.png in Resources */,
				48C1A2941BFC1F7300710F24 /* whiteButton@2x.png in Resources */,
				48C1A2A11BFC1F7300710F24 /* blackButtonHighlight.png in Resources */,
				48C1A2A51BFC1F7300710F24 /* blueButtonHighlight.png in Resources */,
				48C1A2A91BFC1F7300710F24 /* orangeButtonHighlight@2x.png in Resources */,
				48C1A2981BFC1F7300710F24 /* blueButtonHighlight@2x.png in Resources */,
				48C1A2991BFC1F7300710F24 /* greenButton@2x.png in Resources */,
				48C1A2921BFC1F7300710F24 /* greyButton@2xpng in Resources */,
				48C1A2A01BFC1F7300710F24 /* tanButtonHighlight.png in Resources */,
				48C1A2AE1BFC1F7300710F24 /* orangeButton.png in Resources */,
				489FD4901BFB761A00BEB39C /* CIS 470 – HW18 - Roman Numerals.pdf in Resources */,
				48C1A2B21BFC343900710F24 /* stone_ii_by_mindsabotage-d53rx9w.png in Resources */,
				48C1A29E1BFC1F7300710F24 /* tanButton@2x.png in Resources */,
				48C1A2971BFC1F7300710F24 /* blueButton.png in Resources */,
				48C1A29B1BFC1F7300710F24 /* blackButton@2x.png in Resources */,
				48C1A29A1BFC1F7300710F24 /* greenButtonHighlight@2x.png in Resources */,
				48C1A2B11BFC343900710F24 /* 6796366-gold-glitter-wallpaper.jpg in Resources */,
				48C1A2961BFC1F7300710F24 /* blueButton@2x.png in Resources */,
				48C1A2951BFC1F7300710F24 /* whiteButtonHighlight@2x.png in Resources */,
				48C1A2A21BFC1F7300710F24 /* blackButton.png in Resources */,
				48C1A29D1BFC1F7300710F24 /* tanButtonHighlight@2x.png in Resources */,
				48C1A2AB1BFC1F7300710F24 /* greyButtonHighlight.png in Resources */,
				48C1A2AA1BFC1F7300710F24 /* greyButton@2x.png in Resources */,
				48C1A29F1BFC1F7300710F24 /* tanButton.png in Resources */,
				48C1A2A41BFC1F7300710F24 /* greenButton.png in Resources */,
				48C1A2A71BFC1F7300710F24 /* whiteButton.png in Resources */,
				48C1A2AD1BFC1F7300710F24 /* orangeButtonHighlight.png in Resources */,
				489FD4671BFB760700BEB39C /* Assets.xcassets in Resources */,
				48C1A2B61BFC38F500710F24 /* uuuuuup.png in Resources */,
				48C1A2AC1BFC1F7300710F24 /* greyButton.png in Resources */,
				489FD4651BFB760700BEB39C /* Main.storyboard in Resources */,
			);
			runOnlyForDeploymentPostprocessing = 0;
		};
		489FD46E1BFB760700BEB39C /* Resources */ = {
			isa = PBXResourcesBuildPhase;
			buildActionMask = 2147483647;
			files = (
			);
			runOnlyForDeploymentPostprocessing = 0;
		};
		489FD4791BFB760800BEB39C /* Resources */ = {
			isa = PBXResourcesBuildPhase;
			buildActionMask = 2147483647;
			files = (
			);
			runOnlyForDeploymentPostprocessing = 0;
		};
/* End PBXResourcesBuildPhase section */

/* Begin PBXSourcesBuildPhase section */
		489FD4561BFB760700BEB39C /* Sources */ = {
			isa = PBXSourcesBuildPhase;
			buildActionMask = 2147483647;
			files = (
				489FD4911BFB761A00BEB39C /* RomanConverter.swift in Sources */,
				489FD4621BFB760700BEB39C /* SecondViewController.swift in Sources */,
				489FD4961BFB773B00BEB39C /* ThirdViewController.swift in Sources */,
				489FD45E1BFB760700BEB39C /* AppDelegate.swift in Sources */,
				489FD4601BFB760700BEB39C /* FirstViewController.swift in Sources */,
			);
			runOnlyForDeploymentPostprocessing = 0;
		};
		489FD46C1BFB760700BEB39C /* Sources */ = {
			isa = PBXSourcesBuildPhase;
			buildActionMask = 2147483647;
			files = (
				489FD4751BFB760800BEB39C /* sbraddo1HW18Tests.swift in Sources */,
			);
			runOnlyForDeploymentPostprocessing = 0;
		};
		489FD4771BFB760800BEB39C /* Sources */ = {
			isa = PBXSourcesBuildPhase;
			buildActionMask = 2147483647;
			files = (
				489FD4801BFB760800BEB39C /* sbraddo1HW18UITests.swift in Sources */,
			);
			runOnlyForDeploymentPostprocessing = 0;
		};
/* End PBXSourcesBuildPhase section */

/* Begin PBXTargetDependency section */
		489FD4721BFB760800BEB39C /* PBXTargetDependency */ = {
			isa = PBXTargetDependency;
			target = 489FD4591BFB760700BEB39C /* sbraddo1HW18 */;
			targetProxy = 489FD4711BFB760800BEB39C /* PBXContainerItemProxy */;
		};
		489FD47D1BFB760800BEB39C /* PBXTargetDependency */ = {
			isa = PBXTargetDependency;
			target = 489FD4591BFB760700BEB39C /* sbraddo1HW18 */;
			targetProxy = 489FD47C1BFB760800BEB39C /* PBXContainerItemProxy */;
		};
/* End PBXTargetDependency section */

/* Begin PBXVariantGroup section */
		489FD4631BFB760700BEB39C /* Main.storyboard */ = {
			isa = PBXVariantGroup;
			children = (
				489FD4641BFB760700BEB39C /* Base */,
			);
			name = Main.storyboard;
			sourceTree = "<group>";
		};
		489FD4681BFB760700BEB39C /* LaunchScreen.storyboard */ = {
			isa = PBXVariantGroup;
			children = (
				489FD4691BFB760700BEB39C /* Base */,
			);
			name = LaunchScreen.storyboard;
			sourceTree = "<group>";
		};
/* End PBXVariantGroup section */

/* Begin XCBuildConfiguration section */
		489FD4821BFB760800BEB39C /* Debug */ = {
			isa = XCBuildConfiguration;
			buildSettings = {
				ALWAYS_SEARCH_USER_PATHS = NO;
				CLANG_CXX_LANGUAGE_STANDARD = "gnu++0x";
				CLANG_CXX_LIBRARY = "libc++";
				CLANG_ENABLE_MODULES = YES;
				CLANG_ENABLE_OBJC_ARC = YES;
				CLANG_WARN_BOOL_CONVERSION = YES;
				CLANG_WARN_CONSTANT_CONVERSION = YES;
				CLANG_WARN_DIRECT_OBJC_ISA_USAGE = YES_ERROR;
				CLANG_WARN_EMPTY_BODY = YES;
				CLANG_WARN_ENUM_CONVERSION = YES;
				CLANG_WARN_INT_CONVERSION = YES;
				CLANG_WARN_OBJC_ROOT_CLASS = YES_ERROR;
				CLANG_WARN_UNREACHABLE_CODE = YES;
				CLANG_WARN__DUPLICATE_METHOD_MATCH = YES;
				"CODE_SIGN_IDENTITY[sdk=iphoneos*]" = "iPhone Developer";
				COPY_PHASE_STRIP = NO;
				DEBUG_INFORMATION_FORMAT = dwarf;
				ENABLE_STRICT_OBJC_MSGSEND = YES;
				ENABLE_TESTABILITY = YES;
				GCC_C_LANGUAGE_STANDARD = gnu99;
				GCC_DYNAMIC_NO_PIC = NO;
				GCC_NO_COMMON_BLOCKS = YES;
				GCC_OPTIMIZATION_LEVEL = 0;
				GCC_PREPROCESSOR_DEFINITIONS = (
					"DEBUG=1",
					"$(inherited)",
				);
				GCC_WARN_64_TO_32_BIT_CONVERSION = YES;
				GCC_WARN_ABOUT_RETURN_TYPE = YES_ERROR;
				GCC_WARN_UNDECLARED_SELECTOR = YES;
				GCC_WARN_UNINITIALIZED_AUTOS = YES_AGGRESSIVE;
				GCC_WARN_UNUSED_FUNCTION = YES;
				GCC_WARN_UNUSED_VARIABLE = YES;
				IPHONEOS_DEPLOYMENT_TARGET = 9.0;
				MTL_ENABLE_DEBUG_INFO = YES;
				ONLY_ACTIVE_ARCH = YES;
				SDKROOT = iphoneos;
				SWIFT_OPTIMIZATION_LEVEL = "-Onone";
				TARGETED_DEVICE_FAMILY = "1,2";
			};
			name = Debug;
		};
		489FD4831BFB760800BEB39C /* Release */ = {
			isa = XCBuildConfiguration;
			buildSettings = {
				ALWAYS_SEARCH_USER_PATHS = NO;
				CLANG_CXX_LANGUAGE_STANDARD = "gnu++0x";
				CLANG_CXX_LIBRARY = "libc++";
				CLANG_ENABLE_MODULES = YES;
				CLANG_ENABLE_OBJC_ARC = YES;
				CLANG_WARN_BOOL_CONVERSION = YES;
				CLANG_WARN_CONSTANT_CONVERSION = YES;
				CLANG_WARN_DIRECT_OBJC_ISA_USAGE = YES_ERROR;
				CLANG_WARN_EMPTY_BODY = YES;
				CLANG_WARN_ENUM_CONVERSION = YES;
				CLANG_WARN_INT_CONVERSION = YES;
				CLANG_WARN_OBJC_ROOT_CLASS = YES_ERROR;
				CLANG_WARN_UNREACHABLE_CODE = YES;
				CLANG_WARN__DUPLICATE_METHOD_MATCH = YES;
				"CODE_SIGN_IDENTITY[sdk=iphoneos*]" = "iPhone Developer";
				COPY_PHASE_STRIP = NO;
				DEBUG_INFORMATION_FORMAT = "dwarf-with-dsym";
				ENABLE_NS_ASSERTIONS = NO;
				ENABLE_STRICT_OBJC_MSGSEND = YES;
				GCC_C_LANGUAGE_STANDARD = gnu99;
				GCC_NO_COMMON_BLOCKS = YES;
				GCC_WARN_64_TO_32_BIT_CONVERSION = YES;
				GCC_WARN_ABOUT_RETURN_TYPE = YES_ERROR;
				GCC_WARN_UNDECLARED_SELECTOR = YES;
				GCC_WARN_UNINITIALIZED_AUTOS = YES_AGGRESSIVE;
				GCC_WARN_UNUSED_FUNCTION = YES;
				GCC_WARN_UNUSED_VARIABLE = YES;
				IPHONEOS_DEPLOYMENT_TARGET = 9.0;
				MTL_ENABLE_DEBUG_INFO = NO;
				SDKROOT = iphoneos;
				TARGETED_DEVICE_FAMILY = "1,2";
				VALIDATE_PRODUCT = YES;
			};
			name = Release;
		};
		489FD4851BFB760800BEB39C /* Debug */ = {
			isa = XCBuildConfiguration;
			buildSettings = {
				ASSETCATALOG_COMPILER_APPICON_NAME = AppIcon;
				INFOPLIST_FILE = sbraddo1HW18/Info.plist;
				LD_RUNPATH_SEARCH_PATHS = "$(inherited) @executable_path/Frameworks";
				PRODUCT_BUNDLE_IDENTIFIER = selestebraddock.sbraddo1HW18;
				PRODUCT_NAME = "$(TARGET_NAME)";
			};
			name = Debug;
		};
		489FD4861BFB760800BEB39C /* Release */ = {
			isa = XCBuildConfiguration;
			buildSettings = {
				ASSETCATALOG_COMPILER_APPICON_NAME = AppIcon;
				INFOPLIST_FILE = sbraddo1HW18/Info.plist;
				LD_RUNPATH_SEARCH_PATHS = "$(inherited) @executable_path/Frameworks";
				PRODUCT_BUNDLE_IDENTIFIER = selestebraddock.sbraddo1HW18;
				PRODUCT_NAME = "$(TARGET_NAME)";
			};
			name = Release;
		};
		489FD4881BFB760800BEB39C /* Debug */ = {
			isa = XCBuildConfiguration;
			buildSettings = {
				BUNDLE_LOADER = "$(TEST_HOST)";
				INFOPLIST_FILE = sbraddo1HW18Tests/Info.plist;
				LD_RUNPATH_SEARCH_PATHS = "$(inherited) @executable_path/Frameworks @loader_path/Frameworks";
				PRODUCT_BUNDLE_IDENTIFIER = selestebraddock.sbraddo1HW18Tests;
				PRODUCT_NAME = "$(TARGET_NAME)";
				TEST_HOST = "$(BUILT_PRODUCTS_DIR)/sbraddo1HW18.app/sbraddo1HW18";
			};
			name = Debug;
		};
		489FD4891BFB760800BEB39C /* Release */ = {
			isa = XCBuildConfiguration;
			buildSettings = {
				BUNDLE_LOADER = "$(TEST_HOST)";
				INFOPLIST_FILE = sbraddo1HW18Tests/Info.plist;
				LD_RUNPATH_SEARCH_PATHS = "$(inherited) @executable_path/Frameworks @loader_path/Frameworks";
				PRODUCT_BUNDLE_IDENTIFIER = selestebraddock.sbraddo1HW18Tests;
				PRODUCT_NAME = "$(TARGET_NAME)";
				TEST_HOST = "$(BUILT_PRODUCTS_DIR)/sbraddo1HW18.app/sbraddo1HW18";
			};
			name = Release;
		};
		489FD48B1BFB760800BEB39C /* Debug */ = {
			isa = XCBuildConfiguration;
			buildSettings = {
				INFOPLIST_FILE = sbraddo1HW18UITests/Info.plist;
				LD_RUNPATH_SEARCH_PATHS = "$(inherited) @executable_path/Frameworks @loader_path/Frameworks";
				PRODUCT_BUNDLE_IDENTIFIER = selestebraddock.sbraddo1HW18UITests;
				PRODUCT_NAME = "$(TARGET_NAME)";
				TEST_TARGET_NAME = sbraddo1HW18;
				USES_XCTRUNNER = YES;
			};
			name = Debug;
		};
		489FD48C1BFB760800BEB39C /* Release */ = {
			isa = XCBuildConfiguration;
			buildSettings = {
				INFOPLIST_FILE = sbraddo1HW18UITests/Info.plist;
				LD_RUNPATH_SEARCH_PATHS = "$(inherited) @executable_path/Frameworks @loader_path/Frameworks";
				PRODUCT_BUNDLE_IDENTIFIER = selestebraddock.sbraddo1HW18UITests;
				PRODUCT_NAME = "$(TARGET_NAME)";
				TEST_TARGET_NAME = sbraddo1HW18;
				USES_XCTRUNNER = YES;
			};
			name = Release;
		};
/* End XCBuildConfiguration section */

/* Begin XCConfigurationList section */
		489FD4551BFB760700BEB39C /* Build configuration list for PBXProject "sbraddo1HW18" */ = {
			isa = XCConfigurationList;
			buildConfigurations = (
				489FD4821BFB760800BEB39C /* Debug */,
				489FD4831BFB760800BEB39C /* Release */,
			);
			defaultConfigurationIsVisible = 0;
			defaultConfigurationName = Release;
		};
		489FD4841BFB760800BEB39C /* Build configuration list for PBXNativeTarget "sbraddo1HW18" */ = {
			isa = XCConfigurationList;
			buildConfigurations = (
				489FD4851BFB760800BEB39C /* Debug */,
				489FD4861BFB760800BEB39C /* Release */,
			);
			defaultConfigurationIsVisible = 0;
			defaultConfigurationName = Release;
		};
		489FD4871BFB760800BEB39C /* Build configuration list for PBXNativeTarget "sbraddo1HW18Tests" */ = {
			isa = XCConfigurationList;
			buildConfigurations = (
				489FD4881BFB760800BEB39C /* Debug */,
				489FD4891BFB760800BEB39C /* Release */,
			);
			defaultConfigurationIsVisible = 0;
			defaultConfigurationName = Release;
		};
		489FD48A1BFB760800BEB39C /* Build configuration list for PBXNativeTarget "sbraddo1HW18UITests" */ = {
			isa = XCConfigurationList;
			buildConfigurations = (
				489FD48B1BFB760800BEB39C /* Debug */,
				489FD48C1BFB760800BEB39C /* Release */,
			);
			defaultConfigurationIsVisible = 0;
			defaultConfigurationName = Release;
		};
/* End XCConfigurationList section */
	};
	rootObject = 489FD4521BFB760700BEB39C /* Project object */;
}
